
Microsoft Visual Studio Solution File, Format Version 12.00
# Visual Studio 14
VisualStudioVersion = 14.0.23107.0
MinimumVisualStudioVersion = 10.0.40219.1
Project("{FAE04EC0-301F-11D3-BF4B-00C04F79EFBC}") = "gitgrabber", "gitgrabber.csproj", "{4D6015C2-BADD-4525-AD51-9C5BA2E0B6B6}"
EndProject
Global
	GlobalSection(SolutionConfigurationPlatforms) = preSolution
		Debug|Any CPU = Debug|Any CPU
		Release|Any CPU = Release|Any CPU
	EndGlobalSection
	GlobalSection(ProjectConfigurationPlatforms) = postSolution
		{4D6015C2-BADD-4525-AD51-9C5BA2E0B6B6}.Debug|Any CPU.ActiveCfg = Debug|Any CPU
		{4D6015C2-BADD-4525-AD51-9C5BA2E0B6B6}.Debug|Any CPU.Build.0 = Debug|Any CPU
		{4D6015C2-BADD-4525-AD51-9C5BA2E0B6B6}.Release|Any CPU.ActiveCfg = Release|Any CPU
		{4D6015C2-BADD-4525-AD51-9C5BA2E0B6B6}.Release|Any CPU.Build.0 = Release|Any CPU
	EndGlobalSection
	GlobalSection(SolutionProperties) = preSolution
		HideSolutionNode = FALSE
	EndGlobalSection
EndGlobal
